# This file is generated by running "yarn install" inside your project.
# Manual changes might be lost - proceed with caution!

__metadata:
  version: 6
  cacheKey: 8

"@googlemaps/js-api-loader@npm:1.15.1, @googlemaps/js-api-loader@npm:^1.13.2":
  version: 1.15.1
  resolution: "@googlemaps/js-api-loader@npm:1.15.1"
  dependencies:
    fast-deep-equal: ^3.1.3
  checksum: 0f359c6703116eee926afcf044be419358aee0c34d597c394f5b543ab8b6fb19a90a631f9bcb22e457605edfa08b5f6a29856149e63c4c9305be848d913ec013
  languageName: node
  linkType: hard

"@googlemaps/markerclusterer@npm:2.0.13":
  version: 2.0.13
  resolution: "@googlemaps/markerclusterer@npm:2.0.13"
  dependencies:
    fast-deep-equal: ^3.1.3
    supercluster: ^7.1.3
  checksum: d9b6fd8dc5774b051c6b89d039dd9155243f97a6c4590002694422a28683af7ebdbc02b1e0f452f74f940b0ad9282b09d689f4a03a2ff7aafd713500ca828664
  languageName: node
  linkType: hard

"@googlemaps/react-wrapper@npm:^1.1.35":
  version: 1.1.35
  resolution: "@googlemaps/react-wrapper@npm:1.1.35"
  dependencies:
    "@googlemaps/js-api-loader": ^1.13.2
  peerDependencies:
    react: ">=16.8.0"
  checksum: 76fa473b1bc617c157b58fb8087b61c54e07484c4e983bb25269d7afa025f3d30b77e0cb0cbd37bcd33a0c3d1f3c43c9c070aed2e2a726773eee3d26788c4abf
  languageName: node
  linkType: hard

"@react-google-maps/api@npm:^2.17.0":
  version: 2.17.0
  resolution: "@react-google-maps/api@npm:2.17.0"
  dependencies:
    "@googlemaps/js-api-loader": 1.15.1
    "@googlemaps/markerclusterer": 2.0.13
    "@react-google-maps/infobox": 2.16.0
    "@react-google-maps/marker-clusterer": 2.16.1
    "@types/google.maps": 3.50.5
    invariant: 2.2.4
  peerDependencies:
    react: ^16.8 || ^17 || ^18
    react-dom: ^16.8 || ^17 || ^18
  checksum: f74de35f2713efa5fb48e8631958a06a8d4ddae41d6fc563ac9bd831a19e8e7045e0a5791d0ecb123dfac06f9cb03fbde28c4b31a9461472175cf7e504d538de
  languageName: node
  linkType: hard

"@react-google-maps/infobox@npm:2.16.0":
  version: 2.16.0
  resolution: "@react-google-maps/infobox@npm:2.16.0"
  checksum: ce2532d760f56d0eef99be38fda4867efffde31ee0ba9a27f4264e54bfce90d2034664f67c17a7fa11465b516f3c91f94e6d42f3bc7b7582e139b0b04fd16e0d
  languageName: node
  linkType: hard

"@react-google-maps/marker-clusterer@npm:2.16.1":
  version: 2.16.1
  resolution: "@react-google-maps/marker-clusterer@npm:2.16.1"
  checksum: 2b65cbe34b1e52c90bb0b175774e4296896064749b05a53344b21fd8c029d35228e0ea338bcefec97cc511505cc8b9b8ba579862b3ddd915c5f7260697509e27
  languageName: node
  linkType: hard

"@types/google.maps@npm:3.50.5":
  version: 3.50.5
  resolution: "@types/google.maps@npm:3.50.5"
  checksum: 1754518ffc1719c2086834ee1cab45b4a2a0ec007f3d1101d46afda46d7ef96a989ab977333352a1c73c5267ce2e7bec7e5bfeb74146a723be746279c3ad086c
  languageName: node
  linkType: hard

"fast-deep-equal@npm:^3.1.3":
  version: 3.1.3
  resolution: "fast-deep-equal@npm:3.1.3"
  checksum: e21a9d8d84f53493b6aa15efc9cfd53dd5b714a1f23f67fb5dc8f574af80df889b3bce25dc081887c6d25457cce704e636395333abad896ccdec03abaf1f3f9d
  languageName: node
  linkType: hard

"invariant@npm:2.2.4":
  version: 2.2.4
  resolution: "invariant@npm:2.2.4"
  dependencies:
    loose-envify: ^1.0.0
  checksum: cc3182d793aad82a8d1f0af697b462939cb46066ec48bbf1707c150ad5fad6406137e91a262022c269702e01621f35ef60269f6c0d7fd178487959809acdfb14
  languageName: node
  linkType: hard

"js-tokens@npm:^3.0.0 || ^4.0.0":
  version: 4.0.0
  resolution: "js-tokens@npm:4.0.0"
  checksum: 8a95213a5a77deb6cbe94d86340e8d9ace2b93bc367790b260101d2f36a2eaf4e4e22d9fa9cf459b38af3a32fb4190e638024cf82ec95ef708680e405ea7cc78
  languageName: node
  linkType: hard

"kdbush@npm:^3.0.0":
  version: 3.0.0
  resolution: "kdbush@npm:3.0.0"
  checksum: bc5fa433958e42664a8a92457e4f0d1db55b3b8e36956aac0102964adb2eab043bdbff156570dc8d867144ceff588fb7a1c6e099ba9be068cd1767a73e1ace92
  languageName: node
  linkType: hard

"loose-envify@npm:^1.0.0":
  version: 1.4.0
  resolution: "loose-envify@npm:1.4.0"
  dependencies:
    js-tokens: ^3.0.0 || ^4.0.0
  bin:
    loose-envify: cli.js
  checksum: 6517e24e0cad87ec9888f500c5b5947032cdfe6ef65e1c1936a0c48a524b81e65542c9c3edc91c97d5bddc806ee2a985dbc79be89215d613b1de5db6d1cfe6f4
  languageName: node
  linkType: hard

"root-workspace-0b6124@workspace:.":
  version: 0.0.0-use.local
  resolution: "root-workspace-0b6124@workspace:."
  dependencies:
    "@googlemaps/react-wrapper": ^1.1.35
    "@react-google-maps/api": ^2.17.0
  languageName: unknown
  linkType: soft

"supercluster@npm:^7.1.3":
  version: 7.1.5
  resolution: "supercluster@npm:7.1.5"
  dependencies:
    kdbush: ^3.0.0
  checksum: 69863238870093b96617135884721b6343746e14f396b2d67d6b55c52c362ec0516c5e386aa21815e75a9cef2054e831ac34023d0d8b600091d28cea0794f027
  languageName: node
  linkType: hard
